{
  "name": "sub-legals-2",
  "lockfileVersion": 2,
  "requires": true,
  "packages": {
    "": {
      "dependencies": {
        "@pixelwelders/tlh-universe-data": "^10.4.3",
        "fuse.js": "^6.5.3"
      }
    },
    "node_modules/@pixelwelders/tlh-universe-data": {
      "version": "10.4.3",
      "resolved": "https://registry.npmjs.org/@pixelwelders/tlh-universe-data/-/tlh-universe-data-10.4.3.tgz",
      "integrity": "sha512-22oMF/V5nyBITI4qhIFxkwtKCgJ1v5rPWVhTjeNEEc+a02PCO31NYaVVXBeeWJK2nMWCWp5ZLZ5nNoiZIxvsDw=="
    },
    "node_modules/fuse.js": {
      "version": "6.5.3",
      "resolved": "https://registry.npmjs.org/fuse.js/-/fuse.js-6.5.3.tgz",
      "integrity": "sha512-sA5etGE7yD/pOqivZRBvUBd/NaL2sjAu6QuSaFoe1H2BrJSkH/T/UXAJ8CdXdw7DvY3Hs8CXKYkDWX7RiP5KOg==",
      "engines": {
        "node": ">=10"
      }
    }
  },
  "dependencies": {
    "@pixelwelders/tlh-universe-data": {
      "version": "10.4.3",
      "resolved": "https://registry.npmjs.org/@pixelwelders/tlh-universe-data/-/tlh-universe-data-10.4.3.tgz",
      "integrity": "sha512-22oMF/V5nyBITI4qhIFxkwtKCgJ1v5rPWVhTjeNEEc+a02PCO31NYaVVXBeeWJK2nMWCWp5ZLZ5nNoiZIxvsDw=="
    },
    "fuse.js": {
      "version": "6.5.3",
      "resolved": "https://registry.npmjs.org/fuse.js/-/fuse.js-6.5.3.tgz",
      "integrity": "sha512-sA5etGE7yD/pOqivZRBvUBd/NaL2sjAu6QuSaFoe1H2BrJSkH/T/UXAJ8CdXdw7DvY3Hs8CXKYkDWX7RiP5KOg=="
    }
  }
}
