{
  "name": "sub-legals-2",
  "lockfileVersion": 2,
  "requires": true,
  "packages": {
    "": {
      "dependencies": {
        "@pixelwelders/tlh-universe-data": "^10.4.0"
      }
    },
    "node_modules/@pixelwelders/tlh-universe-data": {
      "version": "10.4.0",
      "resolved": "https://registry.npmjs.org/@pixelwelders/tlh-universe-data/-/tlh-universe-data-10.4.0.tgz",
      "integrity": "sha512-z2+68YY46gkOjqkAjm1mACzcp07x8xHJu1zfYdh7bZEX9GXy4LrCoJ8PAw0uU6Rsv6Og1IxSkBXNYjlnUneQlw=="
    }
  },
  "dependencies": {
    "@pixelwelders/tlh-universe-data": {
      "version": "10.4.0",
      "resolved": "https://registry.npmjs.org/@pixelwelders/tlh-universe-data/-/tlh-universe-data-10.4.0.tgz",
      "integrity": "sha512-z2+68YY46gkOjqkAjm1mACzcp07x8xHJu1zfYdh7bZEX9GXy4LrCoJ8PAw0uU6Rsv6Og1IxSkBXNYjlnUneQlw=="
    }
  }
}
