{
  "requires": true,
  "lockfileVersion": 1,
  "dependencies": {
    "@pixelwelders/tlh-universe-util": {
      "version": "4.2.1",
      "resolved": "https://registry.npmjs.org/@pixelwelders/tlh-universe-util/-/tlh-universe-util-4.2.1.tgz",
      "integrity": "sha512-PgNaRbmbcAcOlvql2pwoiJklO0g+8YlPJFoPClLSF5I6VyLoax4bLZYQohHQy8ZvCF0tmQnC6fqUU9spgyw41A==",
      "requires": {
        "profanity-util": "^0.2.0"
      }
    },
    "phonetic": {
      "version": "0.1.1",
      "resolved": "https://registry.npmjs.org/phonetic/-/phonetic-0.1.1.tgz",
      "integrity": "sha1-Qs+X8V0DsMmfJtUiNZCjI2mb7i8="
    },
    "profanity-util": {
      "version": "0.2.0",
      "resolved": "https://registry.npmjs.org/profanity-util/-/profanity-util-0.2.0.tgz",
      "integrity": "sha512-/iYxXjZDnnPyJrsl4MXIFwleWMx7AXYcRyEnDWY9yrGWwDBk0lSo1tAQ8zUhEPv78YkhTeMP+AN1E0hZADA+rw==",
      "requires": {
        "underscore": "~1.8.x"
      }
    },
    "underscore": {
      "version": "1.8.3",
      "resolved": "https://registry.npmjs.org/underscore/-/underscore-1.8.3.tgz",
      "integrity": "sha1-Tz+1OxBuYJf8+ctBCfKl6b36UCI="
    }
  }
}
